{
  "lockfile_version": "1",
  "packages": {
    "github:NixOS/nixpkgs/nixpkgs-unstable": {
      "last_modified": "2026-02-19T06:30:45Z",
      "resolved": "github:NixOS/nixpkgs/724cf38d99ba81fbb4a347081db93e2e3a9bc2ae?lastModified=1771482645"
    },
    "k6@1.6.0": {
      "last_modified": "2026-02-11T03:47:03Z",
      "resolved": "github:NixOS/nixpkgs/c05d2232d2feaa4c7a07f1168606917402868195#k6",
      "source": "devbox-search",
      "version": "1.6.0",
      "systems": {
        "aarch64-darwin": {
          "outputs": [
            {
              "name": "out",
              "path": "/nix/store/7chwglj5lh6xyh6lhncvrpafgahy70ja-k6-1.6.0",
              "default": true
            }
          ],
          "store_path": "/nix/store/7chwglj5lh6xyh6lhncvrpafgahy70ja-k6-1.6.0"
        },
        "aarch64-linux": {
          "outputs": [
            {
              "name": "out",
              "path": "/nix/store/wk0rgy1jzgs8pjyflv5qnz1212zrq5r2-k6-1.6.0",
              "default": true
            }
          ],
          "store_path": "/nix/store/wk0rgy1jzgs8pjyflv5qnz1212zrq5r2-k6-1.6.0"
        },
        "x86_64-darwin": {
          "outputs": [
            {
              "name": "out",
              "path": "/nix/store/a33hsx7d76zvrls08psx1l03m5kii5jx-k6-1.6.0",
              "default": true
            }
          ],
          "store_path": "/nix/store/a33hsx7d76zvrls08psx1l03m5kii5jx-k6-1.6.0"
        },
        "x86_64-linux": {
          "outputs": [
            {
              "name": "out",
              "path": "/nix/store/aws3sw2x5sqzy7zr9jgkbkbmxdhjf6qq-k6-1.6.0",
              "default": true
            }
          ],
          "store_path": "/nix/store/aws3sw2x5sqzy7zr9jgkbkbmxdhjf6qq-k6-1.6.0"
        }
      }
    }
  }
}
